
Microsoft Visual Studio Solution File, Format Version 12.00
# Visual Studio Version 17
VisualStudioVersion = 17.12.35514.174
MinimumVisualStudioVersion = 10.0.40219.1
Project("{2150E333-8FDC-42A3-9474-1A3956D46DE8}") = "Task0", "Task0", "{464B3CF9-B8A5-4A5B-A075-96E89565097F}"
EndProject
Project("{FAE04EC0-301F-11D3-BF4B-00C04F79EFBC}") = "Tyuiu.NoskovVI.Sprint5.Task0.V6", "Tyuiu.NoskovVI.Sprint5.Task0.V6\Tyuiu.NoskovVI.Sprint5.Task0.V6.csproj", "{4F6D233B-E0B7-45D9-A01B-DCE4EA1ABA75}"
EndProject
Project("{FAE04EC0-301F-11D3-BF4B-00C04F79EFBC}") = "Tyuiu.NoskovVI.Sprint5.Task0.V6.Lib", "Tyuiu.NoskovVI.Sprint5.Task0.V6.Lib\Tyuiu.NoskovVI.Sprint5.Task0.V6.Lib.csproj", "{DA2388A6-E358-4B4F-AD44-9AE519AEE76D}"
EndProject
Project("{FAE04EC0-301F-11D3-BF4B-00C04F79EFBC}") = "Tyuiu.NoskovVI.Sprint5.Task0.V6.Test", "Tyuiu.NoskovVI.Sprint5.Task0.V6.Test\Tyuiu.NoskovVI.Sprint5.Task0.V6.Test.csproj", "{6F6A4CDF-667C-4C0B-8836-8B33DBB8B705}"
EndProject
Project("{2150E333-8FDC-42A3-9474-1A3956D46DE8}") = "Task1", "Task1", "{1DDFD269-75B4-49E9-A34C-3DA240F1FB81}"
EndProject
Project("{FAE04EC0-301F-11D3-BF4B-00C04F79EFBC}") = "Tyuiu.NoskovVI.Sprint5.Task1.V30", "Tyuiu.NoskovVI.Sprint5.Task1.V30\Tyuiu.NoskovVI.Sprint5.Task1.V30.csproj", "{FDF2AD24-1EDB-4DB9-B31A-B4BEFF53D593}"
EndProject
Project("{FAE04EC0-301F-11D3-BF4B-00C04F79EFBC}") = "Tyuiu.NoskovVI.Sprint5.Task1.V30.Lib", "Tyuiu.NoskovVI.Sprint5.Task1.V30.Lib\Tyuiu.NoskovVI.Sprint5.Task1.V30.Lib.csproj", "{4DBFAA73-C5FA-4528-9AD3-825C5F79FDC6}"
EndProject
Project("{FAE04EC0-301F-11D3-BF4B-00C04F79EFBC}") = "Tyuiu.NoskovVI.Sprint5.Task1.V30.Test", "Tyuiu.NoskovVI.Sprint5.Task1.V30.Test\Tyuiu.NoskovVI.Sprint5.Task1.V30.Test.csproj", "{8933A9DD-C2DC-408A-9D6E-059D8C629400}"
EndProject
Project("{2150E333-8FDC-42A3-9474-1A3956D46DE8}") = "Task2", "Task2", "{754E56CE-6101-40CD-9F19-B482BE38B0D2}"
EndProject
Project("{FAE04EC0-301F-11D3-BF4B-00C04F79EFBC}") = "Tyuiu.NoskovVI.Sprint5.Task2.V5", "Tyuiu.NoskovVI.Sprint5.Task2.V5\Tyuiu.NoskovVI.Sprint5.Task2.V5.csproj", "{369B6B10-35F3-43A9-B047-4263DC71CCFB}"
EndProject
Project("{FAE04EC0-301F-11D3-BF4B-00C04F79EFBC}") = "Tyuiu.NoskovVI.Sprint5.Task2.V5.Test", "Tyuiu.NoskovVI.Sprint5.Task2.V5.Test\Tyuiu.NoskovVI.Sprint5.Task2.V5.Test.csproj", "{98A0AEA7-8A3F-4E2B-AA4C-9BA07BCB792D}"
EndProject
Project("{FAE04EC0-301F-11D3-BF4B-00C04F79EFBC}") = "Tyuiu.NoskovVI.Sprint5.Task2.V5.Lib", "Tyuiu.NoskovVI.Sprint5.Task2.V5.Lib\Tyuiu.NoskovVI.Sprint5.Task2.V5.Lib.csproj", "{EB5800CC-7F49-4265-B9AD-54ECA9BDAA98}"
EndProject
Project("{2150E333-8FDC-42A3-9474-1A3956D46DE8}") = "Task3", "Task3", "{C2691D2E-BDC3-4A46-A4D3-D80C3D507C0C}"
EndProject
Project("{FAE04EC0-301F-11D3-BF4B-00C04F79EFBC}") = "Tyuiu.NoskovVI.Sprint5.Task3.V6", "Tyuiu.NoskovVI.Sprint5.Task3.V6\Tyuiu.NoskovVI.Sprint5.Task3.V6.csproj", "{6D951FA7-FC86-48B6-9150-94A26802B9C5}"
EndProject
Project("{FAE04EC0-301F-11D3-BF4B-00C04F79EFBC}") = "Tyuiu.NoskovVI.Sprint5.Task3.V6.Lib", "Tyuiu.NoskovVI.Sprint5.Task3.V6.Lib\Tyuiu.NoskovVI.Sprint5.Task3.V6.Lib.csproj", "{49D67C67-6C02-42E5-9EBE-3A7509632170}"
EndProject
Project("{FAE04EC0-301F-11D3-BF4B-00C04F79EFBC}") = "Tyuiu.NoskovVI.Sprint5.Task3.V6.Test", "Tyuiu.NoskovVI.Sprint5.Task3.V6.Test\Tyuiu.NoskovVI.Sprint5.Task3.V6.Test.csproj", "{C761E302-3B26-48D4-A256-46AFDA6072C7}"
EndProject
Project("{2150E333-8FDC-42A3-9474-1A3956D46DE8}") = "Task4", "Task4", "{53FF9D0E-9260-41CC-AA44-02ED681E5CC2}"
EndProject
Project("{FAE04EC0-301F-11D3-BF4B-00C04F79EFBC}") = "Tyuiu.NoskovVI.Sprint5.Task4.V30", "Tyuiu.NoskovVI.Sprint5.Task4.V30\Tyuiu.NoskovVI.Sprint5.Task4.V30.csproj", "{441934ED-251C-4C10-BF4D-B6BCFCFB7EFE}"
EndProject
Project("{FAE04EC0-301F-11D3-BF4B-00C04F79EFBC}") = "Tyuiu.NoskovVI.Sprint5.Task4.V30.Test", "Tyuiu.NoskovVI.Sprint5.Task4.V30.Test\Tyuiu.NoskovVI.Sprint5.Task4.V30.Test.csproj", "{0776DCC9-1CE4-4807-B848-97312B9C8FC6}"
EndProject
Project("{FAE04EC0-301F-11D3-BF4B-00C04F79EFBC}") = "Tyuiu.NoskovVI.Sprint5.Task4.V30.Lib", "Tyuiu.NoskovVI.Sprint5.Task4.V30.Lib\Tyuiu.NoskovVI.Sprint5.Task4.V30.Lib.csproj", "{0C7A6F2D-F82E-4000-8D91-B95D9C840C24}"
EndProject
Project("{2150E333-8FDC-42A3-9474-1A3956D46DE8}") = "Task5", "Task5", "{284580A2-EBE2-4ACC-8FEE-D73C33132486}"
EndProject
Project("{FAE04EC0-301F-11D3-BF4B-00C04F79EFBC}") = "Tyuiu.NoskovVI.Sprint5.Task5.V9", "Tyuiu.NoskovVI.Sprint5.Task5.V9\Tyuiu.NoskovVI.Sprint5.Task5.V9.csproj", "{EBF49773-696F-4BA3-86B0-8CC2D2DE7582}"
EndProject
Project("{FAE04EC0-301F-11D3-BF4B-00C04F79EFBC}") = "Tyuiu.NoskovVI.Sprint5.Task5.V9.Lib", "Tyuiu.NoskovVI.Sprint5.Task5.V9.Lib\Tyuiu.NoskovVI.Sprint5.Task5.V9.Lib.csproj", "{0FF2D61F-CE16-417B-B464-1EA1B4AFCDB4}"
EndProject
Project("{FAE04EC0-301F-11D3-BF4B-00C04F79EFBC}") = "Tyuiu.NoskovVI.Sprint5.Task5.V9.Test", "Tyuiu.NoskovVI.Sprint5.Task5.V9.Test\Tyuiu.NoskovVI.Sprint5.Task5.V9.Test.csproj", "{BAC1916C-2ACF-4C2E-8159-13D6394E9775}"
EndProject
Project("{2150E333-8FDC-42A3-9474-1A3956D46DE8}") = "Task6", "Task6", "{54B9732A-A39B-432E-9C37-129FDA31EF47}"
EndProject
Project("{FAE04EC0-301F-11D3-BF4B-00C04F79EFBC}") = "Tyuiu.NoskovVI.Sprint5.Task6.V5", "Tyuiu.NoskovVI.Sprint5.Task6.V5\Tyuiu.NoskovVI.Sprint5.Task6.V5.csproj", "{68E689A1-1CFC-4575-B65E-08387FB32CD7}"
EndProject
Project("{FAE04EC0-301F-11D3-BF4B-00C04F79EFBC}") = "Tyuiu.NoskovVI.Sprint5.Task6.V5.Test", "Tyuiu.NoskovVI.Sprint5.Task6.V5.Test\Tyuiu.NoskovVI.Sprint5.Task6.V5.Test.csproj", "{2CF1F1B9-9F92-495F-9F74-B25318A953BA}"
EndProject
Project("{FAE04EC0-301F-11D3-BF4B-00C04F79EFBC}") = "Tyuiu.NoskovVI.Sprint5.Task6.V5.Lib", "Tyuiu.NoskovVI.Sprint5.Task6.V5.Lib\Tyuiu.NoskovVI.Sprint5.Task6.V5.Lib.csproj", "{57D09D53-39D6-4FB2-9199-25AE6776D23E}"
EndProject
Project("{2150E333-8FDC-42A3-9474-1A3956D46DE8}") = "Task7", "Task7", "{5DE42CC0-890D-4E6F-BE4E-4BF1858DDD81}"
EndProject
Project("{FAE04EC0-301F-11D3-BF4B-00C04F79EFBC}") = "Tyuiu.NoskovVI.Sprint5.Task7.V16", "Tyuiu.NoskovVI.Sprint5.Task7.V16\Tyuiu.NoskovVI.Sprint5.Task7.V16.csproj", "{FF2D59AC-4EAA-49CE-9754-BC483D1FE640}"
EndProject
Project("{FAE04EC0-301F-11D3-BF4B-00C04F79EFBC}") = "Tyuiu.NoskovVI.Sprint5.Task7.V16.Lib", "Tyuiu.NoskovVI.Sprint5.Task7.V16.Lib\Tyuiu.NoskovVI.Sprint5.Task7.V16.Lib.csproj", "{F01637BF-311C-4740-9175-8F8B9C94A7B1}"
EndProject
Project("{FAE04EC0-301F-11D3-BF4B-00C04F79EFBC}") = "Tyuiu.NoskovVI.Sprint5.Task7.V16.Test", "Tyuiu.NoskovVI.Sprint5.Task7.V16.Test\Tyuiu.NoskovVI.Sprint5.Task7.V16.Test.csproj", "{9C8EB367-1FDD-4E06-861F-4A6732956FE9}"
EndProject
Global
	GlobalSection(SolutionConfigurationPlatforms) = preSolution
		Debug|Any CPU = Debug|Any CPU
		Release|Any CPU = Release|Any CPU
	EndGlobalSection
	GlobalSection(ProjectConfigurationPlatforms) = postSolution
		{4F6D233B-E0B7-45D9-A01B-DCE4EA1ABA75}.Debug|Any CPU.ActiveCfg = Debug|Any CPU
		{4F6D233B-E0B7-45D9-A01B-DCE4EA1ABA75}.Debug|Any CPU.Build.0 = Debug|Any CPU
		{4F6D233B-E0B7-45D9-A01B-DCE4EA1ABA75}.Release|Any CPU.ActiveCfg = Release|Any CPU
		{4F6D233B-E0B7-45D9-A01B-DCE4EA1ABA75}.Release|Any CPU.Build.0 = Release|Any CPU
		{DA2388A6-E358-4B4F-AD44-9AE519AEE76D}.Debug|Any CPU.ActiveCfg = Debug|Any CPU
		{DA2388A6-E358-4B4F-AD44-9AE519AEE76D}.Debug|Any CPU.Build.0 = Debug|Any CPU
		{DA2388A6-E358-4B4F-AD44-9AE519AEE76D}.Release|Any CPU.ActiveCfg = Release|Any CPU
		{DA2388A6-E358-4B4F-AD44-9AE519AEE76D}.Release|Any CPU.Build.0 = Release|Any CPU
		{6F6A4CDF-667C-4C0B-8836-8B33DBB8B705}.Debug|Any CPU.ActiveCfg = Debug|Any CPU
		{6F6A4CDF-667C-4C0B-8836-8B33DBB8B705}.Debug|Any CPU.Build.0 = Debug|Any CPU
		{6F6A4CDF-667C-4C0B-8836-8B33DBB8B705}.Release|Any CPU.ActiveCfg = Release|Any CPU
		{6F6A4CDF-667C-4C0B-8836-8B33DBB8B705}.Release|Any CPU.Build.0 = Release|Any CPU
		{FDF2AD24-1EDB-4DB9-B31A-B4BEFF53D593}.Debug|Any CPU.ActiveCfg = Debug|Any CPU
		{FDF2AD24-1EDB-4DB9-B31A-B4BEFF53D593}.Debug|Any CPU.Build.0 = Debug|Any CPU
		{FDF2AD24-1EDB-4DB9-B31A-B4BEFF53D593}.Release|Any CPU.ActiveCfg = Release|Any CPU
		{FDF2AD24-1EDB-4DB9-B31A-B4BEFF53D593}.Release|Any CPU.Build.0 = Release|Any CPU
		{4DBFAA73-C5FA-4528-9AD3-825C5F79FDC6}.Debug|Any CPU.ActiveCfg = Debug|Any CPU
		{4DBFAA73-C5FA-4528-9AD3-825C5F79FDC6}.Debug|Any CPU.Build.0 = Debug|Any CPU
		{4DBFAA73-C5FA-4528-9AD3-825C5F79FDC6}.Release|Any CPU.ActiveCfg = Release|Any CPU
		{4DBFAA73-C5FA-4528-9AD3-825C5F79FDC6}.Release|Any CPU.Build.0 = Release|Any CPU
		{8933A9DD-C2DC-408A-9D6E-059D8C629400}.Debug|Any CPU.ActiveCfg = Debug|Any CPU
		{8933A9DD-C2DC-408A-9D6E-059D8C629400}.Debug|Any CPU.Build.0 = Debug|Any CPU
		{8933A9DD-C2DC-408A-9D6E-059D8C629400}.Release|Any CPU.ActiveCfg = Release|Any CPU
		{8933A9DD-C2DC-408A-9D6E-059D8C629400}.Release|Any CPU.Build.0 = Release|Any CPU
		{369B6B10-35F3-43A9-B047-4263DC71CCFB}.Debug|Any CPU.ActiveCfg = Debug|Any CPU
		{369B6B10-35F3-43A9-B047-4263DC71CCFB}.Debug|Any CPU.Build.0 = Debug|Any CPU
		{369B6B10-35F3-43A9-B047-4263DC71CCFB}.Release|Any CPU.ActiveCfg = Release|Any CPU
		{369B6B10-35F3-43A9-B047-4263DC71CCFB}.Release|Any CPU.Build.0 = Release|Any CPU
		{98A0AEA7-8A3F-4E2B-AA4C-9BA07BCB792D}.Debug|Any CPU.ActiveCfg = Debug|Any CPU
		{98A0AEA7-8A3F-4E2B-AA4C-9BA07BCB792D}.Debug|Any CPU.Build.0 = Debug|Any CPU
		{98A0AEA7-8A3F-4E2B-AA4C-9BA07BCB792D}.Release|Any CPU.ActiveCfg = Release|Any CPU
		{98A0AEA7-8A3F-4E2B-AA4C-9BA07BCB792D}.Release|Any CPU.Build.0 = Release|Any CPU
		{EB5800CC-7F49-4265-B9AD-54ECA9BDAA98}.Debug|Any CPU.ActiveCfg = Debug|Any CPU
		{EB5800CC-7F49-4265-B9AD-54ECA9BDAA98}.Debug|Any CPU.Build.0 = Debug|Any CPU
		{EB5800CC-7F49-4265-B9AD-54ECA9BDAA98}.Release|Any CPU.ActiveCfg = Release|Any CPU
		{EB5800CC-7F49-4265-B9AD-54ECA9BDAA98}.Release|Any CPU.Build.0 = Release|Any CPU
		{6D951FA7-FC86-48B6-9150-94A26802B9C5}.Debug|Any CPU.ActiveCfg = Debug|Any CPU
		{6D951FA7-FC86-48B6-9150-94A26802B9C5}.Debug|Any CPU.Build.0 = Debug|Any CPU
		{6D951FA7-FC86-48B6-9150-94A26802B9C5}.Release|Any CPU.ActiveCfg = Release|Any CPU
		{6D951FA7-FC86-48B6-9150-94A26802B9C5}.Release|Any CPU.Build.0 = Release|Any CPU
		{49D67C67-6C02-42E5-9EBE-3A7509632170}.Debug|Any CPU.ActiveCfg = Debug|Any CPU
		{49D67C67-6C02-42E5-9EBE-3A7509632170}.Debug|Any CPU.Build.0 = Debug|Any CPU
		{49D67C67-6C02-42E5-9EBE-3A7509632170}.Release|Any CPU.ActiveCfg = Release|Any CPU
		{49D67C67-6C02-42E5-9EBE-3A7509632170}.Release|Any CPU.Build.0 = Release|Any CPU
		{C761E302-3B26-48D4-A256-46AFDA6072C7}.Debug|Any CPU.ActiveCfg = Debug|Any CPU
		{C761E302-3B26-48D4-A256-46AFDA6072C7}.Debug|Any CPU.Build.0 = Debug|Any CPU
		{C761E302-3B26-48D4-A256-46AFDA6072C7}.Release|Any CPU.ActiveCfg = Release|Any CPU
		{C761E302-3B26-48D4-A256-46AFDA6072C7}.Release|Any CPU.Build.0 = Release|Any CPU
		{441934ED-251C-4C10-BF4D-B6BCFCFB7EFE}.Debug|Any CPU.ActiveCfg = Debug|Any CPU
		{441934ED-251C-4C10-BF4D-B6BCFCFB7EFE}.Debug|Any CPU.Build.0 = Debug|Any CPU
		{441934ED-251C-4C10-BF4D-B6BCFCFB7EFE}.Release|Any CPU.ActiveCfg = Release|Any CPU
		{441934ED-251C-4C10-BF4D-B6BCFCFB7EFE}.Release|Any CPU.Build.0 = Release|Any CPU
		{0776DCC9-1CE4-4807-B848-97312B9C8FC6}.Debug|Any CPU.ActiveCfg = Debug|Any CPU
		{0776DCC9-1CE4-4807-B848-97312B9C8FC6}.Debug|Any CPU.Build.0 = Debug|Any CPU
		{0776DCC9-1CE4-4807-B848-97312B9C8FC6}.Release|Any CPU.ActiveCfg = Release|Any CPU
		{0776DCC9-1CE4-4807-B848-97312B9C8FC6}.Release|Any CPU.Build.0 = Release|Any CPU
		{0C7A6F2D-F82E-4000-8D91-B95D9C840C24}.Debug|Any CPU.ActiveCfg = Debug|Any CPU
		{0C7A6F2D-F82E-4000-8D91-B95D9C840C24}.Debug|Any CPU.Build.0 = Debug|Any CPU
		{0C7A6F2D-F82E-4000-8D91-B95D9C840C24}.Release|Any CPU.ActiveCfg = Release|Any CPU
		{0C7A6F2D-F82E-4000-8D91-B95D9C840C24}.Release|Any CPU.Build.0 = Release|Any CPU
		{EBF49773-696F-4BA3-86B0-8CC2D2DE7582}.Debug|Any CPU.ActiveCfg = Debug|Any CPU
		{EBF49773-696F-4BA3-86B0-8CC2D2DE7582}.Debug|Any CPU.Build.0 = Debug|Any CPU
		{EBF49773-696F-4BA3-86B0-8CC2D2DE7582}.Release|Any CPU.ActiveCfg = Release|Any CPU
		{EBF49773-696F-4BA3-86B0-8CC2D2DE7582}.Release|Any CPU.Build.0 = Release|Any CPU
		{0FF2D61F-CE16-417B-B464-1EA1B4AFCDB4}.Debug|Any CPU.ActiveCfg = Debug|Any CPU
		{0FF2D61F-CE16-417B-B464-1EA1B4AFCDB4}.Debug|Any CPU.Build.0 = Debug|Any CPU
		{0FF2D61F-CE16-417B-B464-1EA1B4AFCDB4}.Release|Any CPU.ActiveCfg = Release|Any CPU
		{0FF2D61F-CE16-417B-B464-1EA1B4AFCDB4}.Release|Any CPU.Build.0 = Release|Any CPU
		{BAC1916C-2ACF-4C2E-8159-13D6394E9775}.Debug|Any CPU.ActiveCfg = Debug|Any CPU
		{BAC1916C-2ACF-4C2E-8159-13D6394E9775}.Debug|Any CPU.Build.0 = Debug|Any CPU
		{BAC1916C-2ACF-4C2E-8159-13D6394E9775}.Release|Any CPU.ActiveCfg = Release|Any CPU
		{BAC1916C-2ACF-4C2E-8159-13D6394E9775}.Release|Any CPU.Build.0 = Release|Any CPU
		{68E689A1-1CFC-4575-B65E-08387FB32CD7}.Debug|Any CPU.ActiveCfg = Debug|Any CPU
		{68E689A1-1CFC-4575-B65E-08387FB32CD7}.Debug|Any CPU.Build.0 = Debug|Any CPU
		{68E689A1-1CFC-4575-B65E-08387FB32CD7}.Release|Any CPU.ActiveCfg = Release|Any CPU
		{68E689A1-1CFC-4575-B65E-08387FB32CD7}.Release|Any CPU.Build.0 = Release|Any CPU
		{2CF1F1B9-9F92-495F-9F74-B25318A953BA}.Debug|Any CPU.ActiveCfg = Debug|Any CPU
		{2CF1F1B9-9F92-495F-9F74-B25318A953BA}.Debug|Any CPU.Build.0 = Debug|Any CPU
		{2CF1F1B9-9F92-495F-9F74-B25318A953BA}.Release|Any CPU.ActiveCfg = Release|Any CPU
		{2CF1F1B9-9F92-495F-9F74-B25318A953BA}.Release|Any CPU.Build.0 = Release|Any CPU
		{57D09D53-39D6-4FB2-9199-25AE6776D23E}.Debug|Any CPU.ActiveCfg = Debug|Any CPU
		{57D09D53-39D6-4FB2-9199-25AE6776D23E}.Debug|Any CPU.Build.0 = Debug|Any CPU
		{57D09D53-39D6-4FB2-9199-25AE6776D23E}.Release|Any CPU.ActiveCfg = Release|Any CPU
		{57D09D53-39D6-4FB2-9199-25AE6776D23E}.Release|Any CPU.Build.0 = Release|Any CPU
		{FF2D59AC-4EAA-49CE-9754-BC483D1FE640}.Debug|Any CPU.ActiveCfg = Debug|Any CPU
		{FF2D59AC-4EAA-49CE-9754-BC483D1FE640}.Debug|Any CPU.Build.0 = Debug|Any CPU
		{FF2D59AC-4EAA-49CE-9754-BC483D1FE640}.Release|Any CPU.ActiveCfg = Release|Any CPU
		{FF2D59AC-4EAA-49CE-9754-BC483D1FE640}.Release|Any CPU.Build.0 = Release|Any CPU
		{F01637BF-311C-4740-9175-8F8B9C94A7B1}.Debug|Any CPU.ActiveCfg = Debug|Any CPU
		{F01637BF-311C-4740-9175-8F8B9C94A7B1}.Debug|Any CPU.Build.0 = Debug|Any CPU
		{F01637BF-311C-4740-9175-8F8B9C94A7B1}.Release|Any CPU.ActiveCfg = Release|Any CPU
		{F01637BF-311C-4740-9175-8F8B9C94A7B1}.Release|Any CPU.Build.0 = Release|Any CPU
		{9C8EB367-1FDD-4E06-861F-4A6732956FE9}.Debug|Any CPU.ActiveCfg = Debug|Any CPU
		{9C8EB367-1FDD-4E06-861F-4A6732956FE9}.Debug|Any CPU.Build.0 = Debug|Any CPU
		{9C8EB367-1FDD-4E06-861F-4A6732956FE9}.Release|Any CPU.ActiveCfg = Release|Any CPU
		{9C8EB367-1FDD-4E06-861F-4A6732956FE9}.Release|Any CPU.Build.0 = Release|Any CPU
	EndGlobalSection
	GlobalSection(SolutionProperties) = preSolution
		HideSolutionNode = FALSE
	EndGlobalSection
	GlobalSection(NestedProjects) = preSolution
		{4F6D233B-E0B7-45D9-A01B-DCE4EA1ABA75} = {464B3CF9-B8A5-4A5B-A075-96E89565097F}
		{DA2388A6-E358-4B4F-AD44-9AE519AEE76D} = {464B3CF9-B8A5-4A5B-A075-96E89565097F}
		{6F6A4CDF-667C-4C0B-8836-8B33DBB8B705} = {464B3CF9-B8A5-4A5B-A075-96E89565097F}
		{FDF2AD24-1EDB-4DB9-B31A-B4BEFF53D593} = {1DDFD269-75B4-49E9-A34C-3DA240F1FB81}
		{4DBFAA73-C5FA-4528-9AD3-825C5F79FDC6} = {1DDFD269-75B4-49E9-A34C-3DA240F1FB81}
		{8933A9DD-C2DC-408A-9D6E-059D8C629400} = {1DDFD269-75B4-49E9-A34C-3DA240F1FB81}
		{369B6B10-35F3-43A9-B047-4263DC71CCFB} = {754E56CE-6101-40CD-9F19-B482BE38B0D2}
		{98A0AEA7-8A3F-4E2B-AA4C-9BA07BCB792D} = {754E56CE-6101-40CD-9F19-B482BE38B0D2}
		{EB5800CC-7F49-4265-B9AD-54ECA9BDAA98} = {754E56CE-6101-40CD-9F19-B482BE38B0D2}
		{6D951FA7-FC86-48B6-9150-94A26802B9C5} = {C2691D2E-BDC3-4A46-A4D3-D80C3D507C0C}
		{49D67C67-6C02-42E5-9EBE-3A7509632170} = {C2691D2E-BDC3-4A46-A4D3-D80C3D507C0C}
		{C761E302-3B26-48D4-A256-46AFDA6072C7} = {C2691D2E-BDC3-4A46-A4D3-D80C3D507C0C}
		{441934ED-251C-4C10-BF4D-B6BCFCFB7EFE} = {53FF9D0E-9260-41CC-AA44-02ED681E5CC2}
		{0776DCC9-1CE4-4807-B848-97312B9C8FC6} = {53FF9D0E-9260-41CC-AA44-02ED681E5CC2}
		{0C7A6F2D-F82E-4000-8D91-B95D9C840C24} = {53FF9D0E-9260-41CC-AA44-02ED681E5CC2}
		{EBF49773-696F-4BA3-86B0-8CC2D2DE7582} = {284580A2-EBE2-4ACC-8FEE-D73C33132486}
		{0FF2D61F-CE16-417B-B464-1EA1B4AFCDB4} = {284580A2-EBE2-4ACC-8FEE-D73C33132486}
		{BAC1916C-2ACF-4C2E-8159-13D6394E9775} = {284580A2-EBE2-4ACC-8FEE-D73C33132486}
		{68E689A1-1CFC-4575-B65E-08387FB32CD7} = {54B9732A-A39B-432E-9C37-129FDA31EF47}
		{2CF1F1B9-9F92-495F-9F74-B25318A953BA} = {54B9732A-A39B-432E-9C37-129FDA31EF47}
		{57D09D53-39D6-4FB2-9199-25AE6776D23E} = {54B9732A-A39B-432E-9C37-129FDA31EF47}
		{FF2D59AC-4EAA-49CE-9754-BC483D1FE640} = {5DE42CC0-890D-4E6F-BE4E-4BF1858DDD81}
		{F01637BF-311C-4740-9175-8F8B9C94A7B1} = {5DE42CC0-890D-4E6F-BE4E-4BF1858DDD81}
		{9C8EB367-1FDD-4E06-861F-4A6732956FE9} = {5DE42CC0-890D-4E6F-BE4E-4BF1858DDD81}
	EndGlobalSection
EndGlobal
